
Microsoft Visual Studio Solution File, Format Version 12.00
# Visual Studio Version 17
VisualStudioVersion = 17.10.35013.160
MinimumVisualStudioVersion = 10.0.40219.1
Project("{9A19103F-16F7-4668-BE54-9A1E7A4F7556}") = "Trivia_API", "Trivia_API\Trivia_API.csproj", "{7AD56475-7305-4E32-92E9-EDC75C9F8DE4}"
EndProject
Project("{9A19103F-16F7-4668-BE54-9A1E7A4F7556}") = "Trivia_API.Tests", "Trivia_API.Tests\Trivia_API.Tests.csproj", "{DC180E59-9E97-47B6-BF8A-7CF772E8DACC}"
EndProject
Global
	GlobalSection(SolutionConfigurationPlatforms) = preSolution
		Debug|Any CPU = Debug|Any CPU
		Release|Any CPU = Release|Any CPU
	EndGlobalSection
	GlobalSection(ProjectConfigurationPlatforms) = postSolution
		{7AD56475-7305-4E32-92E9-EDC75C9F8DE4}.Debug|Any CPU.ActiveCfg = Debug|Any CPU
		{7AD56475-7305-4E32-92E9-EDC75C9F8DE4}.Debug|Any CPU.Build.0 = Debug|Any CPU
		{7AD56475-7305-4E32-92E9-EDC75C9F8DE4}.Release|Any CPU.ActiveCfg = Release|Any CPU
		{7AD56475-7305-4E32-92E9-EDC75C9F8DE4}.Release|Any CPU.Build.0 = Release|Any CPU
		{DC180E59-9E97-47B6-BF8A-7CF772E8DACC}.Debug|Any CPU.ActiveCfg = Debug|Any CPU
		{DC180E59-9E97-47B6-BF8A-7CF772E8DACC}.Debug|Any CPU.Build.0 = Debug|Any CPU
		{DC180E59-9E97-47B6-BF8A-7CF772E8DACC}.Release|Any CPU.ActiveCfg = Release|Any CPU
		{DC180E59-9E97-47B6-BF8A-7CF772E8DACC}.Release|Any CPU.Build.0 = Release|Any CPU
	EndGlobalSection
	GlobalSection(SolutionProperties) = preSolution
		HideSolutionNode = FALSE
	EndGlobalSection
	GlobalSection(ExtensibilityGlobals) = postSolution
		SolutionGuid = {639F9E2F-7788-4B55-840F-7B4AA5B096B6}
	EndGlobalSection
EndGlobal
